PODS:
  - ChromaColorPicker (1.7)

DEPENDENCIES:
  - ChromaColorPicker

SPEC REPOS:
  https://github.com/cocoapods/specs.git:
    - ChromaColorPicker

SPEC CHECKSUMS:
  ChromaColorPicker: 33efa67b17cca51dd253689d18b83ac7e05642c2

PODFILE CHECKSUM: ae0f8fbef03f6a87afcfe1906582f054436d93e3

COCOAPODS: 1.5.3
